// !$*UTF8*$!
{
	archiveVersion = 1;
	classes = {
	};
	objectVersion = 50;
	objects = {

/* Begin PBXBuildFile section */
		1CFC741D24C2D12D00E27B3C /* AppDelegate.swift in Sources */ = {isa = PBXBuildFile; fileRef = 1CFC741C24C2D12D00E27B3C /* AppDelegate.swift */; };
		1CFC741F24C2D12D00E27B3C /* SceneDelegate.swift in Sources */ = {isa = PBXBuildFile; fileRef = 1CFC741E24C2D12D00E27B3C /* SceneDelegate.swift */; };
		1CFC742124C2D12D00E27B3C /* ViewController.swift in Sources */ = {isa = PBXBuildFile; fileRef = 1CFC742024C2D12D00E27B3C /* ViewController.swift */; };
		1CFC742424C2D12D00E27B3C /* Main.storyboard in Resources */ = {isa = PBXBuildFile; fileRef = 1CFC742224C2D12D00E27B3C /* Main.storyboard */; };
		1CFC742624C2D12E00E27B3C /* Assets.xcassets in Resources */ = {isa = PBXBuildFile; fileRef = 1CFC742524C2D12E00E27B3C /* Assets.xcassets */; };
		1CFC742924C2D12E00E27B3C /* LaunchScreen.storyboard in Resources */ = {isa = PBXBuildFile; fileRef = 1CFC742724C2D12E00E27B3C /* LaunchScreen.storyboard */; };
		1CFC743424C2D12E00E27B3C /* mobikooTests.swift in Sources */ = {isa = PBXBuildFile; fileRef = 1CFC743324C2D12E00E27B3C /* mobikooTests.swift */; };
		1CFC743F24C2D12E00E27B3C /* mobikooUITests.swift in Sources */ = {isa = PBXBuildFile; fileRef = 1CFC743E24C2D12E00E27B3C /* mobikooUITests.swift */; };
/* End PBXBuildFile section */

/* Begin PBXContainerItemProxy section */
		1CFC743024C2D12E00E27B3C /* PBXContainerItemProxy */ = {
			isa = PBXContainerItemProxy;
			containerPortal = 1CFC741124C2D12D00E27B3C /* Project object */;
			proxyType = 1;
			remoteGlobalIDString = 1CFC741824C2D12D00E27B3C;
			remoteInfo = mobikoo;
		};
		1CFC743B24C2D12E00E27B3C /* PBXContainerItemProxy */ = {
			isa = PBXContainerItemProxy;
			containerPortal = 1CFC741124C2D12D00E27B3C /* Project object */;
			proxyType = 1;
			remoteGlobalIDString = 1CFC741824C2D12D00E27B3C;
			remoteInfo = mobikoo;
		};
/* End PBXContainerItemProxy section */

/* Begin PBXFileReference section */
		1CFC741924C2D12D00E27B3C /* mobikoo.app */ = {isa = PBXFileReference; explicitFileType = wrapper.application; includeInIndex = 0; path = mobikoo.app; sourceTree = BUILT_PRODUCTS_DIR; };
		1CFC741C24C2D12D00E27B3C /* AppDelegate.swift */ = {isa = PBXFileReference; lastKnownFileType = sourcecode.swift; path = AppDelegate.swift; sourceTree = "<group>"; };
		1CFC741E24C2D12D00E27B3C /* SceneDelegate.swift */ = {isa = PBXFileReference; lastKnownFileType = sourcecode.swift; path = SceneDelegate.swift; sourceTree = "<group>"; };
		1CFC742024C2D12D00E27B3C /* ViewController.swift */ = {isa = PBXFileReference; lastKnownFileType = sourcecode.swift; path = ViewController.swift; sourceTree = "<group>"; };
		1CFC742324C2D12D00E27B3C /* Base */ = {isa = PBXFileReference; lastKnownFileType = file.storyboard; name = Base; path = Base.lproj/Main.storyboard; sourceTree = "<group>"; };
		1CFC742524C2D12E00E27B3C /* Assets.xcassets */ = {isa = PBXFileReference; lastKnownFileType = folder.assetcatalog; path = Assets.xcassets; sourceTree = "<group>"; };
		1CFC742824C2D12E00E27B3C /* Base */ = {isa = PBXFileReference; lastKnownFileType = file.storyboard; name = Base; path = Base.lproj/LaunchScreen.storyboard; sourceTree = "<group>"; };
		1CFC742A24C2D12E00E27B3C /* Info.plist */ = {isa = PBXFileReference; lastKnownFileType = text.plist.xml; path = Info.plist; sourceTree = "<group>"; };
		1CFC742F24C2D12E00E27B3C /* mobikooTests.xctest */ = {isa = PBXFileReference; explicitFileType = wrapper.cfbundle; includeInIndex = 0; path = mobikooTests.xctest; sourceTree = BUILT_PRODUCTS_DIR; };
		1CFC743324C2D12E00E27B3C /* mobikooTests.swift */ = {isa = PBXFileReference; lastKnownFileType = sourcecode.swift; path = mobikooTests.swift; sourceTree = "<group>"; };
		1CFC743524C2D12E00E27B3C /* Info.plist */ = {isa = PBXFileReference; lastKnownFileType = text.plist.xml; path = Info.plist; sourceTree = "<group>"; };
		1CFC743A24C2D12E00E27B3C /* mobikooUITests.xctest */ = {isa = PBXFileReference; explicitFileType = wrapper.cfbundle; includeInIndex = 0; path = mobikooUITests.xctest; sourceTree = BUILT_PRODUCTS_DIR; };
		1CFC743E24C2D12E00E27B3C /* mobikooUITests.swift */ = {isa = PBXFileReference; lastKnownFileType = sourcecode.swift; path = mobikooUITests.swift; sourceTree = "<group>"; };
		1CFC744024C2D12E00E27B3C /* Info.plist */ = {isa = PBXFileReference; lastKnownFileType = text.plist.xml; path = Info.plist; sourceTree = "<group>"; };
/* End PBXFileReference section */

/* Begin PBXFrameworksBuildPhase section */
		1CFC741624C2D12D00E27B3C /* Frameworks */ = {
			isa = PBXFrameworksBuildPhase;
			buildActionMask = 2147483647;
			files = (
			);
			runOnlyForDeploymentPostprocessing = 0;
		};
		1CFC742C24C2D12E00E27B3C /* Frameworks */ = {
			isa = PBXFrameworksBuildPhase;
			buildActionMask = 2147483647;
			files = (
			);
			runOnlyForDeploymentPostprocessing = 0;
		};
		1CFC743724C2D12E00E27B3C /* Frameworks */ = {
			isa = PBXFrameworksBuildPhase;
			buildActionMask = 2147483647;
			files = (
			);
			runOnlyForDeploymentPostprocessing = 0;
		};
/* End PBXFrameworksBuildPhase section */

/* Begin PBXGroup section */
		1CFC741024C2D12D00E27B3C = {
			isa = PBXGroup;
			children = (
				1CFC741B24C2D12D00E27B3C /* mobikoo */,
				1CFC743224C2D12E00E27B3C /* mobikooTests */,
				1CFC743D24C2D12E00E27B3C /* mobikooUITests */,
				1CFC741A24C2D12D00E27B3C /* Products */,
			);
			sourceTree = "<group>";
		};
		1CFC741A24C2D12D00E27B3C /* Products */ = {
			isa = PBXGroup;
			children = (
				1CFC741924C2D12D00E27B3C /* mobikoo.app */,
				1CFC742F24C2D12E00E27B3C /* mobikooTests.xctest */,
				1CFC743A24C2D12E00E27B3C /* mobikooUITests.xctest */,
			);
			name = Products;
			sourceTree = "<group>";
		};
		1CFC741B24C2D12D00E27B3C /* mobikoo */ = {
			isa = PBXGroup;
			children = (
				1CFC741C24C2D12D00E27B3C /* AppDelegate.swift */,
				1CFC741E24C2D12D00E27B3C /* SceneDelegate.swift */,
				1CFC742024C2D12D00E27B3C /* ViewController.swift */,
				1CFC742224C2D12D00E27B3C /* Main.storyboard */,
				1CFC742524C2D12E00E27B3C /* Assets.xcassets */,
				1CFC742724C2D12E00E27B3C /* LaunchScreen.storyboard */,
				1CFC742A24C2D12E00E27B3C /* Info.plist */,
			);
			path = mobikoo;
			sourceTree = "<group>";
		};
		1CFC743224C2D12E00E27B3C /* mobikooTests */ = {
			isa = PBXGroup;
			children = (
				1CFC743324C2D12E00E27B3C /* mobikooTests.swift */,
				1CFC743524C2D12E00E27B3C /* Info.plist */,
			);
			path = mobikooTests;
			sourceTree = "<group>";
		};
		1CFC743D24C2D12E00E27B3C /* mobikooUITests */ = {
			isa = PBXGroup;
			children = (
				1CFC743E24C2D12E00E27B3C /* mobikooUITests.swift */,
				1CFC744024C2D12E00E27B3C /* Info.plist */,
			);
			path = mobikooUITests;
			sourceTree = "<group>";
		};
/* End PBXGroup section */

/* Begin PBXNativeTarget section */
		1CFC741824C2D12D00E27B3C /* mobikoo */ = {
			isa = PBXNativeTarget;
			buildConfigurationList = 1CFC744324C2D12E00E27B3C /* Build configuration list for PBXNativeTarget "mobikoo" */;
			buildPhases = (
				1CFC741524C2D12D00E27B3C /* Sources */,
				1CFC741624C2D12D00E27B3C /* Frameworks */,
				1CFC741724C2D12D00E27B3C /* Resources */,
			);
			buildRules = (
			);
			dependencies = (
			);
			name = mobikoo;
			productName = mobikoo;
			productReference = 1CFC741924C2D12D00E27B3C /* mobikoo.app */;
			productType = "com.apple.product-type.application";
		};
		1CFC742E24C2D12E00E27B3C /* mobikooTests */ = {
			isa = PBXNativeTarget;
			buildConfigurationList = 1CFC744624C2D12E00E27B3C /* Build configuration list for PBXNativeTarget "mobikooTests" */;
			buildPhases = (
				1CFC742B24C2D12E00E27B3C /* Sources */,
				1CFC742C24C2D12E00E27B3C /* Frameworks */,
				1CFC742D24C2D12E00E27B3C /* Resources */,
			);
			buildRules = (
			);
			dependencies = (
				1CFC743124C2D12E00E27B3C /* PBXTargetDependency */,
			);
			name = mobikooTests;
			productName = mobikooTests;
			productReference = 1CFC742F24C2D12E00E27B3C /* mobikooTests.xctest */;
			productType = "com.apple.product-type.bundle.unit-test";
		};
		1CFC743924C2D12E00E27B3C /* mobikooUITests */ = {
			isa = PBXNativeTarget;
			buildConfigurationList = 1CFC744924C2D12E00E27B3C /* Build configuration list for PBXNativeTarget "mobikooUITests" */;
			buildPhases = (
				1CFC743624C2D12E00E27B3C /* Sources */,
				1CFC743724C2D12E00E27B3C /* Frameworks */,
				1CFC743824C2D12E00E27B3C /* Resources */,
			);
			buildRules = (
			);
			dependencies = (
				1CFC743C24C2D12E00E27B3C /* PBXTargetDependency */,
			);
			name = mobikooUITests;
			productName = mobikooUITests;
			productReference = 1CFC743A24C2D12E00E27B3C /* mobikooUITests.xctest */;
			productType = "com.apple.product-type.bundle.ui-testing";
		};
/* End PBXNativeTarget section */

/* Begin PBXProject section */
		1CFC741124C2D12D00E27B3C /* Project object */ = {
			isa = PBXProject;
			attributes = {
				LastSwiftUpdateCheck = 1150;
				LastUpgradeCheck = 1150;
				ORGANIZATIONNAME = dangchy;
				TargetAttributes = {
					1CFC741824C2D12D00E27B3C = {
						CreatedOnToolsVersion = 11.5;
					};
					1CFC742E24C2D12E00E27B3C = {
						CreatedOnToolsVersion = 11.5;
						TestTargetID = 1CFC741824C2D12D00E27B3C;
					};
					1CFC743924C2D12E00E27B3C = {
						CreatedOnToolsVersion = 11.5;
						TestTargetID = 1CFC741824C2D12D00E27B3C;
					};
				};
			};
			buildConfigurationList = 1CFC741424C2D12D00E27B3C /* Build configuration list for PBXProject "mobikoo" */;
			compatibilityVersion = "Xcode 9.3";
			developmentRegion = en;
			hasScannedForEncodings = 0;
			knownRegions = (
				en,
				Base,
			);
			mainGroup = 1CFC741024C2D12D00E27B3C;
			productRefGroup = 1CFC741A24C2D12D00E27B3C /* Products */;
			projectDirPath = "";
			projectRoot = "";
			targets = (
				1CFC741824C2D12D00E27B3C /* mobikoo */,
				1CFC742E24C2D12E00E27B3C /* mobikooTests */,
				1CFC743924C2D12E00E27B3C /* mobikooUITests */,
			);
		};
/* End PBXProject section */

/* Begin PBXResourcesBuildPhase section */
		1CFC741724C2D12D00E27B3C /* Resources */ = {
			isa = PBXResourcesBuildPhase;
			buildActionMask = 2147483647;
			files = (
				1CFC742924C2D12E00E27B3C /* LaunchScreen.storyboard in Resources */,
				1CFC742624C2D12E00E27B3C /* Assets.xcassets in Resources */,
				1CFC742424C2D12D00E27B3C /* Main.storyboard in Resources */,
			);
			runOnlyForDeploymentPostprocessing = 0;
		};
		1CFC742D24C2D12E00E27B3C /* Resources */ = {
			isa = PBXResourcesBuildPhase;
			buildActionMask = 2147483647;
			files = (
			);
			runOnlyForDeploymentPostprocessing = 0;
		};
		1CFC743824C2D12E00E27B3C /* Resources */ = {
			isa = PBXResourcesBuildPhase;
			buildActionMask = 2147483647;
			files = (
			);
			runOnlyForDeploymentPostprocessing = 0;
		};
/* End PBXResourcesBuildPhase section */

/* Begin PBXSourcesBuildPhase section */
		1CFC741524C2D12D00E27B3C /* Sources */ = {
			isa = PBXSourcesBuildPhase;
			buildActionMask = 2147483647;
			files = (
				1CFC742124C2D12D00E27B3C /* ViewController.swift in Sources */,
				1CFC741D24C2D12D00E27B3C /* AppDelegate.swift in Sources */,
				1CFC741F24C2D12D00E27B3C /* SceneDelegate.swift in Sources */,
			);
			runOnlyForDeploymentPostprocessing = 0;
		};
		1CFC742B24C2D12E00E27B3C /* Sources */ = {
			isa = PBXSourcesBuildPhase;
			buildActionMask = 2147483647;
			files = (
				1CFC743424C2D12E00E27B3C /* mobikooTests.swift in Sources */,
			);
			runOnlyForDeploymentPostprocessing = 0;
		};
		1CFC743624C2D12E00E27B3C /* Sources */ = {
			isa = PBXSourcesBuildPhase;
			buildActionMask = 2147483647;
			files = (
				1CFC743F24C2D12E00E27B3C /* mobikooUITests.swift in Sources */,
			);
			runOnlyForDeploymentPostprocessing = 0;
		};
/* End PBXSourcesBuildPhase section */

/* Begin PBXTargetDependency section */
		1CFC743124C2D12E00E27B3C /* PBXTargetDependency */ = {
			isa = PBXTargetDependency;
			target = 1CFC741824C2D12D00E27B3C /* mobikoo */;
			targetProxy = 1CFC743024C2D12E00E27B3C /* PBXContainerItemProxy */;
		};
		1CFC743C24C2D12E00E27B3C /* PBXTargetDependency */ = {
			isa = PBXTargetDependency;
			target = 1CFC741824C2D12D00E27B3C /* mobikoo */;
			targetProxy = 1CFC743B24C2D12E00E27B3C /* PBXContainerItemProxy */;
		};
/* End PBXTargetDependency section */

/* Begin PBXVariantGroup section */
		1CFC742224C2D12D00E27B3C /* Main.storyboard */ = {
			isa = PBXVariantGroup;
			children = (
				1CFC742324C2D12D00E27B3C /* Base */,
			);
			name = Main.storyboard;
			sourceTree = "<group>";
		};
		1CFC742724C2D12E00E27B3C /* LaunchScreen.storyboard */ = {
			isa = PBXVariantGroup;
			children = (
				1CFC742824C2D12E00E27B3C /* Base */,
			);
			name = LaunchScreen.storyboard;
			sourceTree = "<group>";
		};
/* End PBXVariantGroup section */

/* Begin XCBuildConfiguration section */
		1CFC744124C2D12E00E27B3C /* Debug */ = {
			isa = XCBuildConfiguration;
			buildSettings = {
				ALWAYS_SEARCH_USER_PATHS = NO;
				CLANG_ANALYZER_NONNULL = YES;
				CLANG_ANALYZER_NUMBER_OBJECT_CONVERSION = YES_AGGRESSIVE;
				CLANG_CXX_LANGUAGE_STANDARD = "gnu++14";
				CLANG_CXX_LIBRARY = "libc++";
				CLANG_ENABLE_MODULES = YES;
				CLANG_ENABLE_OBJC_ARC = YES;
				CLANG_ENABLE_OBJC_WEAK = YES;
				CLANG_WARN_BLOCK_CAPTURE_AUTORELEASING = YES;
				CLANG_WARN_BOOL_CONVERSION = YES;
				CLANG_WARN_COMMA = YES;
				CLANG_WARN_CONSTANT_CONVERSION = YES;
				CLANG_WARN_DEPRECATED_OBJC_IMPLEMENTATIONS = YES;
				CLANG_WARN_DIRECT_OBJC_ISA_USAGE = YES_ERROR;
				CLANG_WARN_DOCUMENTATION_COMMENTS = YES;
				CLANG_WARN_EMPTY_BODY = YES;
				CLANG_WARN_ENUM_CONVERSION = YES;
				CLANG_WARN_INFINITE_RECURSION = YES;
				CLANG_WARN_INT_CONVERSION = YES;
				CLANG_WARN_NON_LITERAL_NULL_CONVERSION = YES;
				CLANG_WARN_OBJC_IMPLICIT_RETAIN_SELF = YES;
				CLANG_WARN_OBJC_LITERAL_CONVERSION = YES;
				CLANG_WARN_OBJC_ROOT_CLASS = YES_ERROR;
				CLANG_WARN_RANGE_LOOP_ANALYSIS = YES;
				CLANG_WARN_STRICT_PROTOTYPES = YES;
				CLANG_WARN_SUSPICIOUS_MOVE = YES;
				CLANG_WARN_UNGUARDED_AVAILABILITY = YES_AGGRESSIVE;
				CLANG_WARN_UNREACHABLE_CODE = YES;
				CLANG_WARN__DUPLICATE_METHOD_MATCH = YES;
				COPY_PHASE_STRIP = NO;
				DEBUG_INFORMATION_FORMAT = dwarf;
				ENABLE_STRICT_OBJC_MSGSEND = YES;
				ENABLE_TESTABILITY = YES;
				GCC_C_LANGUAGE_STANDARD = gnu11;
				GCC_DYNAMIC_NO_PIC = NO;
				GCC_NO_COMMON_BLOCKS = YES;
				GCC_OPTIMIZATION_LEVEL = 0;
				GCC_PREPROCESSOR_DEFINITIONS = (
					"DEBUG=1",
					"$(inherited)",
				);
				GCC_WARN_64_TO_32_BIT_CONVERSION = YES;
				GCC_WARN_ABOUT_RETURN_TYPE = YES_ERROR;
				GCC_WARN_UNDECLARED_SELECTOR = YES;
				GCC_WARN_UNINITIALIZED_AUTOS = YES_AGGRESSIVE;
				GCC_WARN_UNUSED_FUNCTION = YES;
				GCC_WARN_UNUSED_VARIABLE = YES;
				IPHONEOS_DEPLOYMENT_TARGET = 13.5;
				MTL_ENABLE_DEBUG_INFO = INCLUDE_SOURCE;
				MTL_FAST_MATH = YES;
				ONLY_ACTIVE_ARCH = YES;
				SDKROOT = iphoneos;
				SWIFT_ACTIVE_COMPILATION_CONDITIONS = DEBUG;
				SWIFT_OPTIMIZATION_LEVEL = "-Onone";
			};
			name = Debug;
		};
		1CFC744224C2D12E00E27B3C /* Release */ = {
			isa = XCBuildConfiguration;
			buildSettings = {
				ALWAYS_SEARCH_USER_PATHS = NO;
				CLANG_ANALYZER_NONNULL = YES;
				CLANG_ANALYZER_NUMBER_OBJECT_CONVERSION = YES_AGGRESSIVE;
				CLANG_CXX_LANGUAGE_STANDARD = "gnu++14";
				CLANG_CXX_LIBRARY = "libc++";
				CLANG_ENABLE_MODULES = YES;
				CLANG_ENABLE_OBJC_ARC = YES;
				CLANG_ENABLE_OBJC_WEAK = YES;
				CLANG_WARN_BLOCK_CAPTURE_AUTORELEASING = YES;
				CLANG_WARN_BOOL_CONVERSION = YES;
				CLANG_WARN_COMMA = YES;
				CLANG_WARN_CONSTANT_CONVERSION = YES;
				CLANG_WARN_DEPRECATED_OBJC_IMPLEMENTATIONS = YES;
				CLANG_WARN_DIRECT_OBJC_ISA_USAGE = YES_ERROR;
				CLANG_WARN_DOCUMENTATION_COMMENTS = YES;
				CLANG_WARN_EMPTY_BODY = YES;
				CLANG_WARN_ENUM_CONVERSION = YES;
				CLANG_WARN_INFINITE_RECURSION = YES;
				CLANG_WARN_INT_CONVERSION = YES;
				CLANG_WARN_NON_LITERAL_NULL_CONVERSION = YES;
				CLANG_WARN_OBJC_IMPLICIT_RETAIN_SELF = YES;
				CLANG_WARN_OBJC_LITERAL_CONVERSION = YES;
				CLANG_WARN_OBJC_ROOT_CLASS = YES_ERROR;
				CLANG_WARN_RANGE_LOOP_ANALYSIS = YES;
				CLANG_WARN_STRICT_PROTOTYPES = YES;
				CLANG_WARN_SUSPICIOUS_MOVE = YES;
				CLANG_WARN_UNGUARDED_AVAILABILITY = YES_AGGRESSIVE;
				CLANG_WARN_UNREACHABLE_CODE = YES;
				CLANG_WARN__DUPLICATE_METHOD_MATCH = YES;
				COPY_PHASE_STRIP = NO;
				DEBUG_INFORMATION_FORMAT = "dwarf-with-dsym";
				ENABLE_NS_ASSERTIONS = NO;
				ENABLE_STRICT_OBJC_MSGSEND = YES;
				GCC_C_LANGUAGE_STANDARD = gnu11;
				GCC_NO_COMMON_BLOCKS = YES;
				GCC_WARN_64_TO_32_BIT_CONVERSION = YES;
				GCC_WARN_ABOUT_RETURN_TYPE = YES_ERROR;
				GCC_WARN_UNDECLARED_SELECTOR = YES;
				GCC_WARN_UNINITIALIZED_AUTOS = YES_AGGRESSIVE;
				GCC_WARN_UNUSED_FUNCTION = YES;
				GCC_WARN_UNUSED_VARIABLE = YES;
				IPHONEOS_DEPLOYMENT_TARGET = 13.5;
				MTL_ENABLE_DEBUG_INFO = NO;
				MTL_FAST_MATH = YES;
				SDKROOT = iphoneos;
				SWIFT_COMPILATION_MODE = wholemodule;
				SWIFT_OPTIMIZATION_LEVEL = "-O";
				VALIDATE_PRODUCT = YES;
			};
			name = Release;
		};
		1CFC744424C2D12E00E27B3C /* Debug */ = {
			isa = XCBuildConfiguration;
			buildSettings = {
				ASSETCATALOG_COMPILER_APPICON_NAME = AppIcon;
				CODE_SIGN_STYLE = Automatic;
				DEVELOPMENT_TEAM = D7DB4C7ZVR;
				INFOPLIST_FILE = mobikoo/Info.plist;
				LD_RUNPATH_SEARCH_PATHS = (
					"$(inherited)",
					"@executable_path/Frameworks",
				);
				PRODUCT_BUNDLE_IDENTIFIER = com.yihu.mobikoo;
				PRODUCT_NAME = "$(TARGET_NAME)";
				SWIFT_VERSION = 5.0;
				TARGETED_DEVICE_FAMILY = "1,2";
			};
			name = Debug;
		};
		1CFC744524C2D12E00E27B3C /* Release */ = {
			isa = XCBuildConfiguration;
			buildSettings = {
				ASSETCATALOG_COMPILER_APPICON_NAME = AppIcon;
				CODE_SIGN_STYLE = Automatic;
				DEVELOPMENT_TEAM = D7DB4C7ZVR;
				INFOPLIST_FILE = mobikoo/Info.plist;
				LD_RUNPATH_SEARCH_PATHS = (
					"$(inherited)",
					"@executable_path/Frameworks",
				);
				PRODUCT_BUNDLE_IDENTIFIER = com.yihu.mobikoo;
				PRODUCT_NAME = "$(TARGET_NAME)";
				SWIFT_VERSION = 5.0;
				TARGETED_DEVICE_FAMILY = "1,2";
			};
			name = Release;
		};
		1CFC744724C2D12E00E27B3C /* Debug */ = {
			isa = XCBuildConfiguration;
			buildSettings = {
				ALWAYS_EMBED_SWIFT_STANDARD_LIBRARIES = YES;
				BUNDLE_LOADER = "$(TEST_HOST)";
				CODE_SIGN_STYLE = Automatic;
				DEVELOPMENT_TEAM = D7DB4C7ZVR;
				INFOPLIST_FILE = mobikooTests/Info.plist;
				IPHONEOS_DEPLOYMENT_TARGET = 13.5;
				LD_RUNPATH_SEARCH_PATHS = (
					"$(inherited)",
					"@executable_path/Frameworks",
					"@loader_path/Frameworks",
				);
				PRODUCT_BUNDLE_IDENTIFIER = com.yihu.mobikooTests;
				PRODUCT_NAME = "$(TARGET_NAME)";
				SWIFT_VERSION = 5.0;
				TARGETED_DEVICE_FAMILY = "1,2";
				TEST_HOST = "$(BUILT_PRODUCTS_DIR)/mobikoo.app/mobikoo";
			};
			name = Debug;
		};
		1CFC744824C2D12E00E27B3C /* Release */ = {
			isa = XCBuildConfiguration;
			buildSettings = {
				ALWAYS_EMBED_SWIFT_STANDARD_LIBRARIES = YES;
				BUNDLE_LOADER = "$(TEST_HOST)";
				CODE_SIGN_STYLE = Automatic;
				DEVELOPMENT_TEAM = D7DB4C7ZVR;
				INFOPLIST_FILE = mobikooTests/Info.plist;
				IPHONEOS_DEPLOYMENT_TARGET = 13.5;
				LD_RUNPATH_SEARCH_PATHS = (
					"$(inherited)",
					"@executable_path/Frameworks",
					"@loader_path/Frameworks",
				);
				PRODUCT_BUNDLE_IDENTIFIER = com.yihu.mobikooTests;
				PRODUCT_NAME = "$(TARGET_NAME)";
				SWIFT_VERSION = 5.0;
				TARGETED_DEVICE_FAMILY = "1,2";
				TEST_HOST = "$(BUILT_PRODUCTS_DIR)/mobikoo.app/mobikoo";
			};
			name = Release;
		};
		1CFC744A24C2D12E00E27B3C /* Debug */ = {
			isa = XCBuildConfiguration;
			buildSettings = {
				ALWAYS_EMBED_SWIFT_STANDARD_LIBRARIES = YES;
				CODE_SIGN_STYLE = Automatic;
				DEVELOPMENT_TEAM = D7DB4C7ZVR;
				INFOPLIST_FILE = mobikooUITests/Info.plist;
				LD_RUNPATH_SEARCH_PATHS = (
					"$(inherited)",
					"@executable_path/Frameworks",
					"@loader_path/Frameworks",
				);
				PRODUCT_BUNDLE_IDENTIFIER = com.yihu.mobikooUITests;
				PRODUCT_NAME = "$(TARGET_NAME)";
				SWIFT_VERSION = 5.0;
				TARGETED_DEVICE_FAMILY = "1,2";
				TEST_TARGET_NAME = mobikoo;
			};
			name = Debug;
		};
		1CFC744B24C2D12E00E27B3C /* Release */ = {
			isa = XCBuildConfiguration;
			buildSettings = {
				ALWAYS_EMBED_SWIFT_STANDARD_LIBRARIES = YES;
				CODE_SIGN_STYLE = Automatic;
				DEVELOPMENT_TEAM = D7DB4C7ZVR;
				INFOPLIST_FILE = mobikooUITests/Info.plist;
				LD_RUNPATH_SEARCH_PATHS = (
					"$(inherited)",
					"@executable_path/Frameworks",
					"@loader_path/Frameworks",
				);
				PRODUCT_BUNDLE_IDENTIFIER = com.yihu.mobikooUITests;
				PRODUCT_NAME = "$(TARGET_NAME)";
				SWIFT_VERSION = 5.0;
				TARGETED_DEVICE_FAMILY = "1,2";
				TEST_TARGET_NAME = mobikoo;
			};
			name = Release;
		};
/* End XCBuildConfiguration section */

/* Begin XCConfigurationList section */
		1CFC741424C2D12D00E27B3C /* Build configuration list for PBXProject "mobikoo" */ = {
			isa = XCConfigurationList;
			buildConfigurations = (
				1CFC744124C2D12E00E27B3C /* Debug */,
				1CFC744224C2D12E00E27B3C /* Release */,
			);
			defaultConfigurationIsVisible = 0;
			defaultConfigurationName = Release;
		};
		1CFC744324C2D12E00E27B3C /* Build configuration list for PBXNativeTarget "mobikoo" */ = {
			isa = XCConfigurationList;
			buildConfigurations = (
				1CFC744424C2D12E00E27B3C /* Debug */,
				1CFC744524C2D12E00E27B3C /* Release */,
			);
			defaultConfigurationIsVisible = 0;
			defaultConfigurationName = Release;
		};
		1CFC744624C2D12E00E27B3C /* Build configuration list for PBXNativeTarget "mobikooTests" */ = {
			isa = XCConfigurationList;
			buildConfigurations = (
				1CFC744724C2D12E00E27B3C /* Debug */,
				1CFC744824C2D12E00E27B3C /* Release */,
			);
			defaultConfigurationIsVisible = 0;
			defaultConfigurationName = Release;
		};
		1CFC744924C2D12E00E27B3C /* Build configuration list for PBXNativeTarget "mobikooUITests" */ = {
			isa = XCConfigurationList;
			buildConfigurations = (
				1CFC744A24C2D12E00E27B3C /* Debug */,
				1CFC744B24C2D12E00E27B3C /* Release */,
			);
			defaultConfigurationIsVisible = 0;
			defaultConfigurationName = Release;
		};
/* End XCConfigurationList section */
	};
	rootObject = 1CFC741124C2D12D00E27B3C /* Project object */;
}
